
Microsoft Visual Studio Solution File, Format Version 12.00
# Visual Studio Version 17
VisualStudioVersion = 17.3.32929.385
MinimumVisualStudioVersion = 10.0.40219.1
Project("{FAE04EC0-301F-11D3-BF4B-00C04F79EFBC}") = "Maze", "Maze\Maze.csproj", "{92F8E3A3-37C8-45CB-BB37-728D0BE4CE93}"
EndProject
Global
	GlobalSection(SolutionConfigurationPlatforms) = preSolution
		Debug|Any CPU = Debug|Any CPU
		Release|Any CPU = Release|Any CPU
	EndGlobalSection
	GlobalSection(ProjectConfigurationPlatforms) = postSolution
		{92F8E3A3-37C8-45CB-BB37-728D0BE4CE93}.Debug|Any CPU.ActiveCfg = Debug|Any CPU
		{92F8E3A3-37C8-45CB-BB37-728D0BE4CE93}.Debug|Any CPU.Build.0 = Debug|Any CPU
		{92F8E3A3-37C8-45CB-BB37-728D0BE4CE93}.Release|Any CPU.ActiveCfg = Release|Any CPU
		{92F8E3A3-37C8-45CB-BB37-728D0BE4CE93}.Release|Any CPU.Build.0 = Release|Any CPU
	EndGlobalSection
	GlobalSection(SolutionProperties) = preSolution
		HideSolutionNode = FALSE
	EndGlobalSection
	GlobalSection(ExtensibilityGlobals) = postSolution
		SolutionGuid = {C4B99077-13B1-4F07-9114-B6BDD9F2B7DE}
	EndGlobalSection
EndGlobal
