
Microsoft Visual Studio Solution File, Format Version 12.00
# Visual Studio Version 16
VisualStudioVersion = 25.0.1703.8
MinimumVisualStudioVersion = 10.0.40219.1
Project("{FAE04EC0-301F-11D3-BF4B-00C04F79EFBC}") = "lab1_v77", "lab1_v77\lab1_v77.csproj", "{A168565B-08B4-4223-9B57-AE0F73C81804}"
EndProject
Global
	GlobalSection(SolutionConfigurationPlatforms) = preSolution
		Debug|Any CPU = Debug|Any CPU
		Release|Any CPU = Release|Any CPU
	EndGlobalSection
	GlobalSection(ProjectConfigurationPlatforms) = postSolution
		{A168565B-08B4-4223-9B57-AE0F73C81804}.Debug|Any CPU.ActiveCfg = Debug|Any CPU
		{A168565B-08B4-4223-9B57-AE0F73C81804}.Debug|Any CPU.Build.0 = Debug|Any CPU
		{A168565B-08B4-4223-9B57-AE0F73C81804}.Release|Any CPU.ActiveCfg = Release|Any CPU
		{A168565B-08B4-4223-9B57-AE0F73C81804}.Release|Any CPU.Build.0 = Release|Any CPU
	EndGlobalSection
	GlobalSection(SolutionProperties) = preSolution
		HideSolutionNode = FALSE
	EndGlobalSection
	GlobalSection(ExtensibilityGlobals) = postSolution
		SolutionGuid = {1B33E741-495A-4CF6-A0D8-5DF059E29745}
	EndGlobalSection
EndGlobal
